
Microsoft Visual Studio Solution File, Format Version 12.00
# Visual Studio Version 16
VisualStudioVersion = 16.0.32126.315
MinimumVisualStudioVersion = 10.0.40219.1
Project("{FAE04EC0-301F-11D3-BF4B-00C04F79EFBC}") = "web410928107", "web410928107\web410928107.csproj", "{52B00451-E171-497E-BBEE-4FB512BDEF56}"
EndProject
Global
	GlobalSection(SolutionConfigurationPlatforms) = preSolution
		Debug|Any CPU = Debug|Any CPU
		Release|Any CPU = Release|Any CPU
	EndGlobalSection
	GlobalSection(ProjectConfigurationPlatforms) = postSolution
		{52B00451-E171-497E-BBEE-4FB512BDEF56}.Debug|Any CPU.ActiveCfg = Debug|Any CPU
		{52B00451-E171-497E-BBEE-4FB512BDEF56}.Debug|Any CPU.Build.0 = Debug|Any CPU
		{52B00451-E171-497E-BBEE-4FB512BDEF56}.Release|Any CPU.ActiveCfg = Release|Any CPU
		{52B00451-E171-497E-BBEE-4FB512BDEF56}.Release|Any CPU.Build.0 = Release|Any CPU
	EndGlobalSection
	GlobalSection(SolutionProperties) = preSolution
		HideSolutionNode = FALSE
	EndGlobalSection
	GlobalSection(ExtensibilityGlobals) = postSolution
		SolutionGuid = {D76C8BDD-DA44-4254-A151-EEF709AF3605}
	EndGlobalSection
EndGlobal
